
Microsoft Visual Studio Solution File, Format Version 12.00
# Visual Studio Version 17
VisualStudioVersion = 17.1.32228.430
MinimumVisualStudioVersion = 10.0.40219.1
Project("{FAE04EC0-301F-11D3-BF4B-00C04F79EFBC}") = "TH", "Current\Main\TH.csproj", "{3C46353A-43B9-464F-83BD-8C5240F8D8A4}"
	ProjectSection(ProjectDependencies) = postProject
		{5BF94FA5-1AAC-4CFD-A8DA-CD523FFBB962} = {5BF94FA5-1AAC-4CFD-A8DA-CD523FFBB962}
		{A814378F-EA3C-42B0-AE0C-27B85FB22359} = {A814378F-EA3C-42B0-AE0C-27B85FB22359}
		{F8DCE92F-E831-4797-884F-38686E34DBEE} = {F8DCE92F-E831-4797-884F-38686E34DBEE}
	EndProjectSection
EndProject
Project("{2150E333-8FDC-42A3-9474-1A3956D46DE8}") = "Solution Items", "Solution Items", "{76E93704-5C84-41F1-9BF1-8591922EE57B}"
	ProjectSection(SolutionItems) = preProject
		.editorconfig = .editorconfig
	EndProjectSection
EndProject
Project("{2150E333-8FDC-42A3-9474-1A3956D46DE8}") = "Using", "Using", "{82EBA20C-9643-4BDE-91E1-9F800109A39C}"
EndProject
Project("{2150E333-8FDC-42A3-9474-1A3956D46DE8}") = "src", "src", "{1E12C4F5-64A6-4147-8F64-BF83B3783E0D}"
EndProject
Project("{2150E333-8FDC-42A3-9474-1A3956D46DE8}") = "Remade", "Remade", "{0E1E9084-AE6C-4326-BF94-29DDF3B8A3DC}"
EndProject
Project("{FAE04EC0-301F-11D3-BF4B-00C04F79EFBC}") = "TH", "Remade\TH\TH.csproj", "{5FCD823F-7B08-4BED-B3C5-8FA819CAB381}"
EndProject
Project("{2150E333-8FDC-42A3-9474-1A3956D46DE8}") = "Menus", "Remade\Menus", "{D2A5C426-860E-4A67-8ED4-7A5EA59636FF}"
EndProject
Project("{2150E333-8FDC-42A3-9474-1A3956D46DE8}") = "File", "File", "{56315D85-3152-438D-BA19-52344EC935E7}"
EndProject
Project("{FAE04EC0-301F-11D3-BF4B-00C04F79EFBC}") = "MenusCore", "Remade\Menus\MenusBase\MenusCore.csproj", "{AABF637A-12D1-4FBD-9859-C417C2ADD40F}"
EndProject
Project("{FAE04EC0-301F-11D3-BF4B-00C04F79EFBC}") = "TestMenu", "Remade\Menus\TestMenu\TestMenu.csproj", "{434AE4C8-07B4-4293-B5EE-6547CD0B9A06}"
EndProject
Project("{FAE04EC0-301F-11D3-BF4B-00C04F79EFBC}") = "MenuOpen", "Remade\Menus\MenuOpen\MenuOpen.csproj", "{A804BF2C-9E39-4487-971D-0A524180E2D0}"
EndProject
Project("{FAE04EC0-301F-11D3-BF4B-00C04F79EFBC}") = "THCore", "Remade\THCore\THCore.csproj", "{D457DD7C-028E-4A38-A2F3-3914FA66FB0E}"
EndProject
Project("{2150E333-8FDC-42A3-9474-1A3956D46DE8}") = "Current", "Current", "{FF5D029E-60F0-45E0-AF24-985FC27812BB}"
EndProject
Project("{2150E333-8FDC-42A3-9474-1A3956D46DE8}") = "WPF", "WPF", "{CAEFDE73-0A8F-4FE7-B016-FCBA9400D255}"
EndProject
Project("{9A19103F-16F7-4668-BE54-9A1E7A4F7556}") = "TH.WPF", "WPF\TH.WPF\TH.WPF.csproj", "{C931DB00-6DF0-4DFB-BC5E-6122EFBD6527}"
EndProject
Project("{2150E333-8FDC-42A3-9474-1A3956D46DE8}") = "Projects", "Projects", "{60957198-035F-4306-8C0A-63936B8AA170}"
EndProject
Project("{2150E333-8FDC-42A3-9474-1A3956D46DE8}") = "Formats", "Formats", "{23F66F17-AC76-425D-A870-23960A2AF4E2}"
EndProject
Project("{9A19103F-16F7-4668-BE54-9A1E7A4F7556}") = "ProjectBase", "TH.WPF\Projects\ProjectBase\ProjectBase.csproj", "{6B72420D-71D3-48B1-A13C-B5739DBE46FC}"
EndProject
Project("{2150E333-8FDC-42A3-9474-1A3956D46DE8}") = "RPGMTrans", "RPGMTrans", "{D412FBA7-5B27-461D-9EAC-512A79888C60}"
EndProject
Project("{2150E333-8FDC-42A3-9474-1A3956D46DE8}") = "RPGMTrans", "RPGMTrans", "{4ECA54E8-34E2-49EA-A5A1-A655E70935E4}"
EndProject
Project("{9A19103F-16F7-4668-BE54-9A1E7A4F7556}") = "FormatBase", "TH.WPF\Formats\FormatBase\FormatBase.csproj", "{E04E33D4-A1F6-4FD6-8AD3-F3AE9B9B2012}"
EndProject
Project("{2150E333-8FDC-42A3-9474-1A3956D46DE8}") = "Patch", "Patch", "{98BBA726-F879-4FFB-8417-628F05C7CBBF}"
EndProject
Project("{FAE04EC0-301F-11D3-BF4B-00C04F79EFBC}") = "WolfTrans.Net", "M:\0GIT\[TokcDK]\wolftrans-csharp\WolfTrans.Net\WolfTrans.Net.csproj", "{494DB09B-C872-4E19-B6D8-3D2D5C1B44F0}"
EndProject
Project("{FAE04EC0-301F-11D3-BF4B-00C04F79EFBC}") = "RPGMVJsonParser", "M:\0GIT\[TokcDK]\LoadRPGMVJson\RPGMVJsonParser\RPGMVJsonParser.csproj", "{449A8A59-1BA7-4E70-8F41-95527F4D39A6}"
EndProject
Project("{FAE04EC0-301F-11D3-BF4B-00C04F79EFBC}") = "RPGMakerVXRVData2Assistant", "M:\0GIT\[TokcDK]\RPGMakerVXRVData2Assistant\RPGMakerVXRVData2Assistant\RPGMakerVXRVData2Assistant.csproj", "{F3817F93-1016-487A-8797-A4FBDFA4FB0D}"
EndProject
Project("{2150E333-8FDC-42A3-9474-1A3956D46DE8}") = "Modules", "Modules", "{4DBB5F78-F1AC-491A-A581-BBCB02E2B318}"
EndProject
Project("{FAE04EC0-301F-11D3-BF4B-00C04F79EFBC}") = "THConfig", "Current\Modules\THConfig\THConfig.csproj", "{BA6ACC0D-9582-49E9-B0A8-03D039BE3B73}"
EndProject
Project("{2150E333-8FDC-42A3-9474-1A3956D46DE8}") = "Main", "Main", "{19964790-4864-4A15-8625-387DB56A147B}"
EndProject
Project("{FAE04EC0-301F-11D3-BF4B-00C04F79EFBC}") = "TestTHConfig", "Current\Modules\TestTHConfig\TestTHConfig.csproj", "{7EDA68E4-31C1-4D32-B749-E1742DDB12B4}"
EndProject
Project("{2150E333-8FDC-42A3-9474-1A3956D46DE8}") = "Using", "Using", "{42FA396C-49E7-425D-8F58-DD42F2952A93}"
EndProject
Project("{9A19103F-16F7-4668-BE54-9A1E7A4F7556}") = "TH.WPF.Core", "TH.WPF\TH.WPF.Core\TH.WPF.Core\TH.WPF.Core.csproj", "{24852758-1755-41FA-AA78-8FCED9F09DBC}"
EndProject
Project("{9A19103F-16F7-4668-BE54-9A1E7A4F7556}") = "GetListOfSubClasses", "M:\0GIT\[TokcDK]\LibsCollection\Net6\GetListOfSubClasses\GetListOfSubClasses.csproj", "{CDD278B8-9A21-4BC7-9FB0-0C46F7C6126F}"
EndProject
Project("{9A19103F-16F7-4668-BE54-9A1E7A4F7556}") = "FormatTest1", "TH.WPF\Formats\FormatTest1\FormatTest1.csproj", "{1DC354C9-A5BF-46C0-BF4E-3B07FD3E1B2F}"
EndProject
Project("{9A19103F-16F7-4668-BE54-9A1E7A4F7556}") = "ProjectTest1", "TH.WPF\Projects\ProjectTest1\ProjectTest1.csproj", "{01EFBF29-54FD-4ADD-92B2-BA40F65BD2AD}"
EndProject
Project("{FAE04EC0-301F-11D3-BF4B-00C04F79EFBC}") = "MesArcLibCSharp", "M:\0GIT\[TokcDK]\MesArcToolCSharp\MesArcLibCSharp\MesArcLibCSharp.csproj", "{CD71A914-875F-4185-9C02-E2B606B9894C}"
EndProject
Project("{FAE04EC0-301F-11D3-BF4B-00C04F79EFBC}") = "MesScriptDissAssLib", "M:\0GIT\[TokcDK]\MesScriptDissAssTest\MesScriptDissAssLib\MesScriptDissAssLib.csproj", "{1F44C885-5CF5-4C13-9B0A-CC805AA3CF64}"
EndProject
Project("{FAE04EC0-301F-11D3-BF4B-00C04F79EFBC}") = "RGSS Extractor", "M:\0GIT\[TokcDK]\TranslationHelperUsing\RGSS-Extractor\RGSS Extractor.csproj", "{E6343190-3A80-4C26-9591-F22F65645AB9}"
EndProject
Project("{FAE04EC0-301F-11D3-BF4B-00C04F79EFBC}") = "CheckForEmptyDir", "M:\0GIT\[TokcDK]\LibsCollection\Net4\CheckForEmptyDir\CheckForEmptyDir.csproj", "{A814378F-EA3C-42B0-AE0C-27B85FB22359}"
EndProject
Project("{FAE04EC0-301F-11D3-BF4B-00C04F79EFBC}") = "GetListOfSubClasses", "M:\0GIT\[TokcDK]\LibsCollection\Net4\GetListOfSubClasses\GetListOfSubClasses.csproj", "{F8DCE92F-E831-4797-884F-38686E34DBEE}"
EndProject
Project("{FAE04EC0-301F-11D3-BF4B-00C04F79EFBC}") = "INIFileMan", "M:\0GIT\[TokcDK]\LibsCollection\Net4\INIFileMan\INIFileMan.csproj", "{5BF94FA5-1AAC-4CFD-A8DA-CD523FFBB962}"
EndProject
Project("{FAE04EC0-301F-11D3-BF4B-00C04F79EFBC}") = "RailTools", "M:\0GIT\[TokcDK]\TranslationHelperUsing\RaiLTools\RailTools\RailTools.csproj", "{0432CDD0-54DB-40D2-B656-B93118E75EDB}"
EndProject
Global
	GlobalSection(SolutionConfigurationPlatforms) = preSolution
		Debug|Any CPU = Debug|Any CPU
		Release|Any CPU = Release|Any CPU
	EndGlobalSection
	GlobalSection(ProjectConfigurationPlatforms) = postSolution
		{3C46353A-43B9-464F-83BD-8C5240F8D8A4}.Debug|Any CPU.ActiveCfg = Debug|Any CPU
		{3C46353A-43B9-464F-83BD-8C5240F8D8A4}.Debug|Any CPU.Build.0 = Debug|Any CPU
		{3C46353A-43B9-464F-83BD-8C5240F8D8A4}.Release|Any CPU.ActiveCfg = Release|Any CPU
		{3C46353A-43B9-464F-83BD-8C5240F8D8A4}.Release|Any CPU.Build.0 = Release|Any CPU
		{5FCD823F-7B08-4BED-B3C5-8FA819CAB381}.Debug|Any CPU.ActiveCfg = Debug|Any CPU
		{5FCD823F-7B08-4BED-B3C5-8FA819CAB381}.Debug|Any CPU.Build.0 = Debug|Any CPU
		{5FCD823F-7B08-4BED-B3C5-8FA819CAB381}.Release|Any CPU.ActiveCfg = Release|Any CPU
		{5FCD823F-7B08-4BED-B3C5-8FA819CAB381}.Release|Any CPU.Build.0 = Release|Any CPU
		{AABF637A-12D1-4FBD-9859-C417C2ADD40F}.Debug|Any CPU.ActiveCfg = Debug|Any CPU
		{AABF637A-12D1-4FBD-9859-C417C2ADD40F}.Debug|Any CPU.Build.0 = Debug|Any CPU
		{AABF637A-12D1-4FBD-9859-C417C2ADD40F}.Release|Any CPU.ActiveCfg = Release|Any CPU
		{AABF637A-12D1-4FBD-9859-C417C2ADD40F}.Release|Any CPU.Build.0 = Release|Any CPU
		{434AE4C8-07B4-4293-B5EE-6547CD0B9A06}.Debug|Any CPU.ActiveCfg = Debug|Any CPU
		{434AE4C8-07B4-4293-B5EE-6547CD0B9A06}.Debug|Any CPU.Build.0 = Debug|Any CPU
		{434AE4C8-07B4-4293-B5EE-6547CD0B9A06}.Release|Any CPU.ActiveCfg = Release|Any CPU
		{434AE4C8-07B4-4293-B5EE-6547CD0B9A06}.Release|Any CPU.Build.0 = Release|Any CPU
		{A804BF2C-9E39-4487-971D-0A524180E2D0}.Debug|Any CPU.ActiveCfg = Debug|Any CPU
		{A804BF2C-9E39-4487-971D-0A524180E2D0}.Debug|Any CPU.Build.0 = Debug|Any CPU
		{A804BF2C-9E39-4487-971D-0A524180E2D0}.Release|Any CPU.ActiveCfg = Release|Any CPU
		{A804BF2C-9E39-4487-971D-0A524180E2D0}.Release|Any CPU.Build.0 = Release|Any CPU
		{D457DD7C-028E-4A38-A2F3-3914FA66FB0E}.Debug|Any CPU.ActiveCfg = Debug|Any CPU
		{D457DD7C-028E-4A38-A2F3-3914FA66FB0E}.Debug|Any CPU.Build.0 = Debug|Any CPU
		{D457DD7C-028E-4A38-A2F3-3914FA66FB0E}.Release|Any CPU.ActiveCfg = Release|Any CPU
		{D457DD7C-028E-4A38-A2F3-3914FA66FB0E}.Release|Any CPU.Build.0 = Release|Any CPU
		{C931DB00-6DF0-4DFB-BC5E-6122EFBD6527}.Debug|Any CPU.ActiveCfg = Debug|Any CPU
		{C931DB00-6DF0-4DFB-BC5E-6122EFBD6527}.Debug|Any CPU.Build.0 = Debug|Any CPU
		{C931DB00-6DF0-4DFB-BC5E-6122EFBD6527}.Release|Any CPU.ActiveCfg = Release|Any CPU
		{C931DB00-6DF0-4DFB-BC5E-6122EFBD6527}.Release|Any CPU.Build.0 = Release|Any CPU
		{6B72420D-71D3-48B1-A13C-B5739DBE46FC}.Debug|Any CPU.ActiveCfg = Debug|Any CPU
		{6B72420D-71D3-48B1-A13C-B5739DBE46FC}.Debug|Any CPU.Build.0 = Debug|Any CPU
		{6B72420D-71D3-48B1-A13C-B5739DBE46FC}.Release|Any CPU.ActiveCfg = Release|Any CPU
		{6B72420D-71D3-48B1-A13C-B5739DBE46FC}.Release|Any CPU.Build.0 = Release|Any CPU
		{E04E33D4-A1F6-4FD6-8AD3-F3AE9B9B2012}.Debug|Any CPU.ActiveCfg = Debug|Any CPU
		{E04E33D4-A1F6-4FD6-8AD3-F3AE9B9B2012}.Debug|Any CPU.Build.0 = Debug|Any CPU
		{E04E33D4-A1F6-4FD6-8AD3-F3AE9B9B2012}.Release|Any CPU.ActiveCfg = Release|Any CPU
		{E04E33D4-A1F6-4FD6-8AD3-F3AE9B9B2012}.Release|Any CPU.Build.0 = Release|Any CPU
		{494DB09B-C872-4E19-B6D8-3D2D5C1B44F0}.Debug|Any CPU.ActiveCfg = Debug|Any CPU
		{494DB09B-C872-4E19-B6D8-3D2D5C1B44F0}.Debug|Any CPU.Build.0 = Debug|Any CPU
		{494DB09B-C872-4E19-B6D8-3D2D5C1B44F0}.Release|Any CPU.ActiveCfg = Release|Any CPU
		{494DB09B-C872-4E19-B6D8-3D2D5C1B44F0}.Release|Any CPU.Build.0 = Release|Any CPU
		{449A8A59-1BA7-4E70-8F41-95527F4D39A6}.Debug|Any CPU.ActiveCfg = Debug|Any CPU
		{449A8A59-1BA7-4E70-8F41-95527F4D39A6}.Debug|Any CPU.Build.0 = Debug|Any CPU
		{449A8A59-1BA7-4E70-8F41-95527F4D39A6}.Release|Any CPU.ActiveCfg = Release|Any CPU
		{449A8A59-1BA7-4E70-8F41-95527F4D39A6}.Release|Any CPU.Build.0 = Release|Any CPU
		{F3817F93-1016-487A-8797-A4FBDFA4FB0D}.Debug|Any CPU.ActiveCfg = Debug|Any CPU
		{F3817F93-1016-487A-8797-A4FBDFA4FB0D}.Debug|Any CPU.Build.0 = Debug|Any CPU
		{F3817F93-1016-487A-8797-A4FBDFA4FB0D}.Release|Any CPU.ActiveCfg = Release|Any CPU
		{F3817F93-1016-487A-8797-A4FBDFA4FB0D}.Release|Any CPU.Build.0 = Release|Any CPU
		{BA6ACC0D-9582-49E9-B0A8-03D039BE3B73}.Debug|Any CPU.ActiveCfg = Debug|Any CPU
		{BA6ACC0D-9582-49E9-B0A8-03D039BE3B73}.Debug|Any CPU.Build.0 = Debug|Any CPU
		{BA6ACC0D-9582-49E9-B0A8-03D039BE3B73}.Release|Any CPU.ActiveCfg = Release|Any CPU
		{BA6ACC0D-9582-49E9-B0A8-03D039BE3B73}.Release|Any CPU.Build.0 = Release|Any CPU
		{7EDA68E4-31C1-4D32-B749-E1742DDB12B4}.Debug|Any CPU.ActiveCfg = Debug|Any CPU
		{7EDA68E4-31C1-4D32-B749-E1742DDB12B4}.Debug|Any CPU.Build.0 = Debug|Any CPU
		{7EDA68E4-31C1-4D32-B749-E1742DDB12B4}.Release|Any CPU.ActiveCfg = Release|Any CPU
		{7EDA68E4-31C1-4D32-B749-E1742DDB12B4}.Release|Any CPU.Build.0 = Release|Any CPU
		{24852758-1755-41FA-AA78-8FCED9F09DBC}.Debug|Any CPU.ActiveCfg = Debug|Any CPU
		{24852758-1755-41FA-AA78-8FCED9F09DBC}.Debug|Any CPU.Build.0 = Debug|Any CPU
		{24852758-1755-41FA-AA78-8FCED9F09DBC}.Release|Any CPU.ActiveCfg = Release|Any CPU
		{24852758-1755-41FA-AA78-8FCED9F09DBC}.Release|Any CPU.Build.0 = Release|Any CPU
		{CDD278B8-9A21-4BC7-9FB0-0C46F7C6126F}.Debug|Any CPU.ActiveCfg = Debug|Any CPU
		{CDD278B8-9A21-4BC7-9FB0-0C46F7C6126F}.Debug|Any CPU.Build.0 = Debug|Any CPU
		{CDD278B8-9A21-4BC7-9FB0-0C46F7C6126F}.Release|Any CPU.ActiveCfg = Release|Any CPU
		{CDD278B8-9A21-4BC7-9FB0-0C46F7C6126F}.Release|Any CPU.Build.0 = Release|Any CPU
		{1DC354C9-A5BF-46C0-BF4E-3B07FD3E1B2F}.Debug|Any CPU.ActiveCfg = Debug|Any CPU
		{1DC354C9-A5BF-46C0-BF4E-3B07FD3E1B2F}.Debug|Any CPU.Build.0 = Debug|Any CPU
		{1DC354C9-A5BF-46C0-BF4E-3B07FD3E1B2F}.Release|Any CPU.ActiveCfg = Release|Any CPU
		{1DC354C9-A5BF-46C0-BF4E-3B07FD3E1B2F}.Release|Any CPU.Build.0 = Release|Any CPU
		{01EFBF29-54FD-4ADD-92B2-BA40F65BD2AD}.Debug|Any CPU.ActiveCfg = Debug|Any CPU
		{01EFBF29-54FD-4ADD-92B2-BA40F65BD2AD}.Debug|Any CPU.Build.0 = Debug|Any CPU
		{01EFBF29-54FD-4ADD-92B2-BA40F65BD2AD}.Release|Any CPU.ActiveCfg = Release|Any CPU
		{01EFBF29-54FD-4ADD-92B2-BA40F65BD2AD}.Release|Any CPU.Build.0 = Release|Any CPU
		{CD71A914-875F-4185-9C02-E2B606B9894C}.Debug|Any CPU.ActiveCfg = Debug|Any CPU
		{CD71A914-875F-4185-9C02-E2B606B9894C}.Debug|Any CPU.Build.0 = Debug|Any CPU
		{CD71A914-875F-4185-9C02-E2B606B9894C}.Release|Any CPU.ActiveCfg = Release|Any CPU
		{CD71A914-875F-4185-9C02-E2B606B9894C}.Release|Any CPU.Build.0 = Release|Any CPU
		{1F44C885-5CF5-4C13-9B0A-CC805AA3CF64}.Debug|Any CPU.ActiveCfg = Debug|Any CPU
		{1F44C885-5CF5-4C13-9B0A-CC805AA3CF64}.Debug|Any CPU.Build.0 = Debug|Any CPU
		{1F44C885-5CF5-4C13-9B0A-CC805AA3CF64}.Release|Any CPU.ActiveCfg = Release|Any CPU
		{1F44C885-5CF5-4C13-9B0A-CC805AA3CF64}.Release|Any CPU.Build.0 = Release|Any CPU
		{E6343190-3A80-4C26-9591-F22F65645AB9}.Debug|Any CPU.ActiveCfg = Debug|Any CPU
		{E6343190-3A80-4C26-9591-F22F65645AB9}.Debug|Any CPU.Build.0 = Debug|Any CPU
		{E6343190-3A80-4C26-9591-F22F65645AB9}.Release|Any CPU.ActiveCfg = Release|Any CPU
		{E6343190-3A80-4C26-9591-F22F65645AB9}.Release|Any CPU.Build.0 = Release|Any CPU
		{A814378F-EA3C-42B0-AE0C-27B85FB22359}.Debug|Any CPU.ActiveCfg = Debug|Any CPU
		{A814378F-EA3C-42B0-AE0C-27B85FB22359}.Debug|Any CPU.Build.0 = Debug|Any CPU
		{A814378F-EA3C-42B0-AE0C-27B85FB22359}.Release|Any CPU.ActiveCfg = Release|Any CPU
		{A814378F-EA3C-42B0-AE0C-27B85FB22359}.Release|Any CPU.Build.0 = Release|Any CPU
		{F8DCE92F-E831-4797-884F-38686E34DBEE}.Debug|Any CPU.ActiveCfg = Debug|Any CPU
		{F8DCE92F-E831-4797-884F-38686E34DBEE}.Debug|Any CPU.Build.0 = Debug|Any CPU
		{F8DCE92F-E831-4797-884F-38686E34DBEE}.Release|Any CPU.ActiveCfg = Release|Any CPU
		{F8DCE92F-E831-4797-884F-38686E34DBEE}.Release|Any CPU.Build.0 = Release|Any CPU
		{5BF94FA5-1AAC-4CFD-A8DA-CD523FFBB962}.Debug|Any CPU.ActiveCfg = Debug|Any CPU
		{5BF94FA5-1AAC-4CFD-A8DA-CD523FFBB962}.Debug|Any CPU.Build.0 = Debug|Any CPU
		{5BF94FA5-1AAC-4CFD-A8DA-CD523FFBB962}.Release|Any CPU.ActiveCfg = Release|Any CPU
		{5BF94FA5-1AAC-4CFD-A8DA-CD523FFBB962}.Release|Any CPU.Build.0 = Release|Any CPU
		{0432CDD0-54DB-40D2-B656-B93118E75EDB}.Debug|Any CPU.ActiveCfg = Debug|Any CPU
		{0432CDD0-54DB-40D2-B656-B93118E75EDB}.Debug|Any CPU.Build.0 = Debug|Any CPU
		{0432CDD0-54DB-40D2-B656-B93118E75EDB}.Release|Any CPU.ActiveCfg = Release|Any CPU
		{0432CDD0-54DB-40D2-B656-B93118E75EDB}.Release|Any CPU.Build.0 = Release|Any CPU
	EndGlobalSection
	GlobalSection(SolutionProperties) = preSolution
		HideSolutionNode = FALSE
	EndGlobalSection
	GlobalSection(NestedProjects) = preSolution
		{3C46353A-43B9-464F-83BD-8C5240F8D8A4} = {19964790-4864-4A15-8625-387DB56A147B}
		{82EBA20C-9643-4BDE-91E1-9F800109A39C} = {19964790-4864-4A15-8625-387DB56A147B}
		{0E1E9084-AE6C-4326-BF94-29DDF3B8A3DC} = {FF5D029E-60F0-45E0-AF24-985FC27812BB}
		{5FCD823F-7B08-4BED-B3C5-8FA819CAB381} = {0E1E9084-AE6C-4326-BF94-29DDF3B8A3DC}
		{D2A5C426-860E-4A67-8ED4-7A5EA59636FF} = {0E1E9084-AE6C-4326-BF94-29DDF3B8A3DC}
		{56315D85-3152-438D-BA19-52344EC935E7} = {D2A5C426-860E-4A67-8ED4-7A5EA59636FF}
		{AABF637A-12D1-4FBD-9859-C417C2ADD40F} = {D2A5C426-860E-4A67-8ED4-7A5EA59636FF}
		{434AE4C8-07B4-4293-B5EE-6547CD0B9A06} = {D2A5C426-860E-4A67-8ED4-7A5EA59636FF}
		{A804BF2C-9E39-4487-971D-0A524180E2D0} = {D2A5C426-860E-4A67-8ED4-7A5EA59636FF}
		{D457DD7C-028E-4A38-A2F3-3914FA66FB0E} = {0E1E9084-AE6C-4326-BF94-29DDF3B8A3DC}
		{FF5D029E-60F0-45E0-AF24-985FC27812BB} = {1E12C4F5-64A6-4147-8F64-BF83B3783E0D}
		{CAEFDE73-0A8F-4FE7-B016-FCBA9400D255} = {1E12C4F5-64A6-4147-8F64-BF83B3783E0D}
		{C931DB00-6DF0-4DFB-BC5E-6122EFBD6527} = {CAEFDE73-0A8F-4FE7-B016-FCBA9400D255}
		{60957198-035F-4306-8C0A-63936B8AA170} = {CAEFDE73-0A8F-4FE7-B016-FCBA9400D255}
		{23F66F17-AC76-425D-A870-23960A2AF4E2} = {CAEFDE73-0A8F-4FE7-B016-FCBA9400D255}
		{6B72420D-71D3-48B1-A13C-B5739DBE46FC} = {60957198-035F-4306-8C0A-63936B8AA170}
		{D412FBA7-5B27-461D-9EAC-512A79888C60} = {60957198-035F-4306-8C0A-63936B8AA170}
		{4ECA54E8-34E2-49EA-A5A1-A655E70935E4} = {23F66F17-AC76-425D-A870-23960A2AF4E2}
		{E04E33D4-A1F6-4FD6-8AD3-F3AE9B9B2012} = {23F66F17-AC76-425D-A870-23960A2AF4E2}
		{98BBA726-F879-4FFB-8417-628F05C7CBBF} = {4ECA54E8-34E2-49EA-A5A1-A655E70935E4}
		{494DB09B-C872-4E19-B6D8-3D2D5C1B44F0} = {82EBA20C-9643-4BDE-91E1-9F800109A39C}
		{449A8A59-1BA7-4E70-8F41-95527F4D39A6} = {82EBA20C-9643-4BDE-91E1-9F800109A39C}
		{F3817F93-1016-487A-8797-A4FBDFA4FB0D} = {82EBA20C-9643-4BDE-91E1-9F800109A39C}
		{4DBB5F78-F1AC-491A-A581-BBCB02E2B318} = {FF5D029E-60F0-45E0-AF24-985FC27812BB}
		{BA6ACC0D-9582-49E9-B0A8-03D039BE3B73} = {4DBB5F78-F1AC-491A-A581-BBCB02E2B318}
		{19964790-4864-4A15-8625-387DB56A147B} = {FF5D029E-60F0-45E0-AF24-985FC27812BB}
		{7EDA68E4-31C1-4D32-B749-E1742DDB12B4} = {4DBB5F78-F1AC-491A-A581-BBCB02E2B318}
		{42FA396C-49E7-425D-8F58-DD42F2952A93} = {CAEFDE73-0A8F-4FE7-B016-FCBA9400D255}
		{24852758-1755-41FA-AA78-8FCED9F09DBC} = {CAEFDE73-0A8F-4FE7-B016-FCBA9400D255}
		{CDD278B8-9A21-4BC7-9FB0-0C46F7C6126F} = {42FA396C-49E7-425D-8F58-DD42F2952A93}
		{1DC354C9-A5BF-46C0-BF4E-3B07FD3E1B2F} = {23F66F17-AC76-425D-A870-23960A2AF4E2}
		{01EFBF29-54FD-4ADD-92B2-BA40F65BD2AD} = {60957198-035F-4306-8C0A-63936B8AA170}
		{CD71A914-875F-4185-9C02-E2B606B9894C} = {82EBA20C-9643-4BDE-91E1-9F800109A39C}
		{1F44C885-5CF5-4C13-9B0A-CC805AA3CF64} = {82EBA20C-9643-4BDE-91E1-9F800109A39C}
		{E6343190-3A80-4C26-9591-F22F65645AB9} = {82EBA20C-9643-4BDE-91E1-9F800109A39C}
		{A814378F-EA3C-42B0-AE0C-27B85FB22359} = {82EBA20C-9643-4BDE-91E1-9F800109A39C}
		{F8DCE92F-E831-4797-884F-38686E34DBEE} = {82EBA20C-9643-4BDE-91E1-9F800109A39C}
		{5BF94FA5-1AAC-4CFD-A8DA-CD523FFBB962} = {82EBA20C-9643-4BDE-91E1-9F800109A39C}
		{0432CDD0-54DB-40D2-B656-B93118E75EDB} = {82EBA20C-9643-4BDE-91E1-9F800109A39C}
	EndGlobalSection
	GlobalSection(ExtensibilityGlobals) = postSolution
		SolutionGuid = {69618983-1A21-49E5-BCF7-5C12FF8C2E7C}
	EndGlobalSection
EndGlobal
